<?xml version="1.0" encoding="utf-8"?>
<Project xmlns="http://schemas.microsoft.com/developer/msbuild/2003">
  <PropertyGroup>
    <ProjectGuid>{75d98fe2-f681-451e-9f61-db09ef53a91a}</ProjectGuid>
    <Configuration Condition=" '$(Configuration)' == '' ">Debug</Configuration>
    <Platform Condition=" '$(Platform)' == '' ">AnyCPU</Platform>
    <DCC_DCCCompiler>DCC32</DCC_DCCCompiler>
    <DCC_DependencyCheckOutputName>..\..\FunLabyEdit.exe</DCC_DependencyCheckOutputName>
    <MainSource>FunLabyEdit.dpr</MainSource>
    <DCC_EnabledPackages>true</DCC_EnabledPackages>
    <DCC_UsePackage>vcl;rtl;vclx;dbrtl;vcldb;VclSmp;GraphicEx110;GIFImage110;GR32_BDS2007;SCL110;SVCL110;SDL110;SepiCore110;SepiReflection110;SepiInterpreter110;SepiRTLCommonImport110;SepiRTLSysImport110;SepiSCLImport110;SepiSDLImport110;SepiSVCLImport110;SepiVCLStdImport110;SepiWinTypesImport110;SepiGraphics32Import110;FunLabyCore;FunLabyTools;FunLabyEditPlugin</DCC_UsePackage>
  </PropertyGroup>
  <PropertyGroup Condition=" '$(Configuration)|$(Platform)' == 'Release|AnyCPU' ">
    <Version>7.0</Version>
    <DCC_DebugInformation>False</DCC_DebugInformation>
    <DCC_LocalDebugSymbols>False</DCC_LocalDebugSymbols>
    <DCC_SymbolReferenceInfo>0</DCC_SymbolReferenceInfo>
    <DCC_Define>RELEASE</DCC_Define>
    <DCC_SYMBOL_PLATFORM>False</DCC_SYMBOL_PLATFORM>
    <DCC_UNIT_PLATFORM>False</DCC_UNIT_PLATFORM>
    <DCC_COMPARING_SIGNED_UNSIGNED>False</DCC_COMPARING_SIGNED_UNSIGNED>
    <DCC_COMBINING_SIGNED_UNSIGNED>False</DCC_COMBINING_SIGNED_UNSIGNED>
    <DCC_DUPLICATE_CTOR_DTOR>False</DCC_DUPLICATE_CTOR_DTOR>
    <DCC_ExeOutput>.\..\..\</DCC_ExeOutput>
  </PropertyGroup>
  <PropertyGroup Condition=" '$(Configuration)|$(Platform)' == 'Debug|AnyCPU' ">
    <Version>7.0</Version>
    <DCC_Define>DEBUG</DCC_Define>
    <DCC_SYMBOL_PLATFORM>False</DCC_SYMBOL_PLATFORM>
    <DCC_UNIT_PLATFORM>False</DCC_UNIT_PLATFORM>
    <DCC_COMPARING_SIGNED_UNSIGNED>False</DCC_COMPARING_SIGNED_UNSIGNED>
    <DCC_COMBINING_SIGNED_UNSIGNED>False</DCC_COMBINING_SIGNED_UNSIGNED>
    <DCC_DUPLICATE_CTOR_DTOR>False</DCC_DUPLICATE_CTOR_DTOR>
    <DCC_ExeOutput>.\..\..\</DCC_ExeOutput>
    <DCC_UnitSearchPath>$(BDS)\lib\Debug;$(BDS)\Lib\Debug\Indy10;C:\Projets\Libs\jcl\lib\d10\debug;$(BDS)\RaveReports\Lib;C:\Projets\Sepi\dcu;C:\Projets\Libs\jcl\lib\d11\debug</DCC_UnitSearchPath>
    <DCC_ResourcePath>$(BDS)\lib\Debug;$(BDS)\Lib\Debug\Indy10;C:\Projets\Libs\jcl\lib\d10\debug;$(BDS)\RaveReports\Lib;C:\Projets\Sepi\dcu;C:\Projets\Libs\jcl\lib\d11\debug</DCC_ResourcePath>
    <DCC_ObjPath>$(BDS)\lib\Debug;$(BDS)\Lib\Debug\Indy10;C:\Projets\Libs\jcl\lib\d10\debug;$(BDS)\RaveReports\Lib;C:\Projets\Sepi\dcu;C:\Projets\Libs\jcl\lib\d11\debug</DCC_ObjPath>
    <DCC_IncludePath>$(BDS)\lib\Debug;$(BDS)\Lib\Debug\Indy10;C:\Projets\Libs\jcl\lib\d10\debug;$(BDS)\RaveReports\Lib;C:\Projets\Sepi\dcu;C:\Projets\Libs\jcl\lib\d11\debug</DCC_IncludePath>
  </PropertyGroup>
  <ProjectExtensions>
    <Borland.Personality>Delphi.Personality</Borland.Personality>
    <Borland.ProjectType />
    <BorlandProject>
<BorlandProject><Delphi.Personality><Parameters><Parameters Name="UseLauncher">False</Parameters><Parameters Name="LoadAllSymbols">True</Parameters><Parameters Name="LoadUnspecifiedSymbols">False</Parameters></Parameters><VersionInfo><VersionInfo Name="IncludeVerInfo">True</VersionInfo><VersionInfo Name="AutoIncBuild">False</VersionInfo><VersionInfo Name="MajorVer">5</VersionInfo><VersionInfo Name="MinorVer">0</VersionInfo><VersionInfo Name="Release">0</VersionInfo><VersionInfo Name="Build">0</VersionInfo><VersionInfo Name="Debug">False</VersionInfo><VersionInfo Name="PreRelease">False</VersionInfo><VersionInfo Name="Special">False</VersionInfo><VersionInfo Name="Private">False</VersionInfo><VersionInfo Name="DLL">False</VersionInfo><VersionInfo Name="Locale">2060</VersionInfo><VersionInfo Name="CodePage">1252</VersionInfo></VersionInfo><VersionInfoKeys><VersionInfoKeys Name="CompanyName">SJRDoeraene</VersionInfoKeys><VersionInfoKeys Name="FileDescription">Editeur FunLabyrinthe</VersionInfoKeys><VersionInfoKeys Name="FileVersion">5.0.0.0</VersionInfoKeys><VersionInfoKeys Name="InternalName">FunLabyEdit</VersionInfoKeys><VersionInfoKeys Name="LegalCopyright">Copyright 2000-2007 (c) SJRDoeraene</VersionInfoKeys><VersionInfoKeys Name="LegalTrademarks"></VersionInfoKeys><VersionInfoKeys Name="OriginalFilename">FunLabyEdit.exe</VersionInfoKeys><VersionInfoKeys Name="ProductName">FunLabyrinthe</VersionInfoKeys><VersionInfoKeys Name="ProductVersion">5.0</VersionInfoKeys><VersionInfoKeys Name="Comments"></VersionInfoKeys></VersionInfoKeys><Excluded_Packages>
      
      
      
      
      
      
      
      
      
      
      
      
      
      
      
      
      
      
      
      
      
      
      
      
      
      
      
      
      
      
      
      
      
      
      
      
      
      
      
      
      
      
      
      
      
      
      
      
      
      
      
      
      
      
      
      
      
      
      
      
      
      
      
      
      
      
      
      
      
      
      
      
      
      
      
      
      
      
      
      
      
      
      
      
      
      
      
      
      
      
      
      
      
      
      
      
      
      
      
      
      
      
      
      
      
      
      
      
      
      
      
      
      
      
      
      
      
      
      
      
      
      
      
      
      
      
      
      
      
      
      
      
      
      
      
      
      
      
      
      
      
      
      
      
      
      
      
      
      
      
      
      
      
      
      
      
      
      
      
      
      
      
      
      
      
      
      
      
      
      
      
      
      
      
      
      
      
      
      
      
      <Excluded_Packages Name="$(BDS)\bin\dclofficexp100.bpl">Composants Microsoft Office XP Sample Automation Server Wrapper</Excluded_Packages>
      <Excluded_Packages Name="$(BDS)\bin\bcboffice2k100.bpl">CodeGear C++Builder Office 2000 Servers Package</Excluded_Packages>
      <Excluded_Packages Name="$(BDS)\bin\bcbofficexp100.bpl">CodeGear C++Builder Office XP Servers Package</Excluded_Packages>
      <Excluded_Packages Name="$(BDS)\bin\dcloffice2k100.bpl">Composants Microsoft Office 2000 Sample Automation Server Wrapper</Excluded_Packages>
    </Excluded_Packages><Source><Source Name="MainSource">FunLabyEdit.dpr</Source></Source></Delphi.Personality></BorlandProject></BorlandProject>
  </ProjectExtensions>
  <Import Project="$(MSBuildBinPath)\Borland.Delphi.Targets" />
  <ItemGroup>
    <DelphiCompile Include="FunLabyEdit.dpr">
      <MainSource>MainSource</MainSource>
    </DelphiCompile>
    <DCCReference Include="BaseMapViewer.pas">
      <Form>FrameBaseMapViewer</Form>
      <DesignClass>TFrame</DesignClass>
    </DCCReference>
    <DCCReference Include="CompilerMessages.pas">
      <Form>FormCompilerMessages</Form>
    </DCCReference>
    <DCCReference Include="EditMap.pas">
      <Form>FormEditMap</Form>
    </DCCReference>
    <DCCReference Include="EditParameters.pas">
      <Form>FormParameters</Form>
    </DCCReference>
    <DCCReference Include="EditPluginManager.pas" />
    <DCCReference Include="EditUnits.pas">
      <Form>FormEditUnits</Form>
    </DCCReference>
    <DCCReference Include="FileProperties.pas">
      <Form>FormFileProperties</Form>
    </DCCReference>
    <DCCReference Include="FunLabyEditConsts.pas" />
    <DCCReference Include="FunLabyEditMain.pas">
      <Form>FormMain</Form>
    </DCCReference>
    <DCCReference Include="FunLabyEditTypes.pas" />
    <DCCReference Include="MapEditor.pas">
      <Form>FrameMapEditor</Form>
      <DesignClass>TFrame</DesignClass>
    </DCCReference>
    <DCCReference Include="MapImage.pas">
      <Form>FrameMapImage</Form>
      <DesignClass>TFrame</DesignClass>
    </DCCReference>
    <DCCReference Include="MapViewer.pas">
      <Form>FormMapViewer</Form>
    </DCCReference>
    <DCCReference Include="NewSourceFile.pas">
      <Form>FormCreateNewSourceFile</Form>
    </DCCReference>
    <DCCReference Include="ObjectInspector.pas">
      <Form>FrameInspector</Form>
      <DesignClass>TFrame</DesignClass>
    </DCCReference>
    <DCCReference Include="PlayerPlugins.pas">
      <Form>FormPlugins</Form>
    </DCCReference>
  </ItemGroup>
</Project>