	<Project xmlns="http://schemas.microsoft.com/developer/msbuild/2003">
		<PropertyGroup>
			<ProjectGuid>{9FBC9049-F1CE-4695-A2F9-05A8FA484A0F}</ProjectGuid>
			<MainSource>FunLabyRepository.dpk</MainSource>
			<ProjectVersion>12.0</ProjectVersion>
			<Config Condition="'$(Config)'==''">Débogage</Config>
			<DCC_DCCCompiler>DCC32</DCC_DCCCompiler>
		</PropertyGroup>
		<PropertyGroup Condition="'$(Config)'=='Base' or '$(Base)'!=''">
			<Base>true</Base>
		</PropertyGroup>
		<PropertyGroup Condition="'$(Config)'=='Release' or '$(Cfg_1)'!=''">
			<Cfg_1>true</Cfg_1>
			<CfgParent>Base</CfgParent>
			<Base>true</Base>
		</PropertyGroup>
		<PropertyGroup Condition="'$(Config)'=='Débogage' or '$(Cfg_2)'!=''">
			<Cfg_2>true</Cfg_2>
			<CfgParent>Base</CfgParent>
			<Base>true</Base>
		</PropertyGroup>
		<PropertyGroup Condition="'$(Base)'!=''">
			<DCC_Define>DEBUG;$(DCC_Define)</DCC_Define>
			<DCC_DependencyCheckOutputName>..\..\FunLabyRepository.bpl</DCC_DependencyCheckOutputName>
			<DCC_BplOutput>.\..\..\</DCC_BplOutput>
			<RuntimeOnlyPackage>true</RuntimeOnlyPackage>
			<DCC_UnitAlias>WinTypes=Windows;WinProcs=Windows;DbiTypes=BDE;DbiProcs=BDE;DbiErrs=BDE;$(DCC_UnitAlias)</DCC_UnitAlias>
			<DCC_Description>Management of the FunLabyrinthe repository</DCC_Description>
			<DCC_OutputNeverBuildDcps>true</DCC_OutputNeverBuildDcps>
			<GenDll>true</GenDll>
			<GenPackage>true</GenPackage>
			<DesignOnlyPackage>false</DesignOnlyPackage>
			<DCC_SymbolReferenceInfo>0</DCC_SymbolReferenceInfo>
			<DCC_ImageBase>00400000</DCC_ImageBase>
			<DCC_Platform>x86</DCC_Platform>
		</PropertyGroup>
		<PropertyGroup Condition="'$(Cfg_1)'!=''">
			<DCC_LocalDebugSymbols>false</DCC_LocalDebugSymbols>
			<DCC_Define>RELEASE;$(DCC_Define)</DCC_Define>
			<DCC_SymbolReferenceInfo>0</DCC_SymbolReferenceInfo>
			<DCC_DebugInformation>false</DCC_DebugInformation>
		</PropertyGroup>
		<PropertyGroup Condition="'$(Cfg_2)'!=''">
			<DCC_MapFile>3</DCC_MapFile>
		</PropertyGroup>
		<ItemGroup>
			<DelphiCompile Include="FunLabyRepository.dpk">
				<MainSource>MainSource</MainSource>
			</DelphiCompile>
			<DCCReference Include="rtl.dcp"/>
			<DCCReference Include="FunLabyCore.dcp"/>
			<DCCReference Include="vcl.dcp"/>
			<DCCReference Include="GraphicEx120.dcp"/>
			<DCCReference Include="vclimg.dcp"/>
			<DCCReference Include="GR32_RS2009.dcp"/>
			<DCCReference Include="SepiGraphics32Import120.dcp"/>
			<DCCReference Include="SCL120.dcp"/>
			<DCCReference Include="SepiReflection120.dcp"/>
			<DCCReference Include="SepiCore120.dcp"/>
			<DCCReference Include="SDL120.dcp"/>
			<DCCReference Include="SVCL120.dcp"/>
			<DCCReference Include="vclx.dcp"/>
			<DCCReference Include="VclSmp.dcp"/>
			<DCCReference Include="SepiVCLStdImport120.dcp"/>
			<DCCReference Include="SepiSVCLImport120.dcp"/>
			<DCCReference Include="SepiSDLImport120.dcp"/>
			<DCCReference Include="SepiSCLImport120.dcp"/>
			<DCCReference Include="SepiRTLSysImport120.dcp"/>
			<DCCReference Include="SepiRTLCommonImport120.dcp"/>
			<DCCReference Include="SepiWinTypesImport120.dcp"/>
			<DCCReference Include="SepiInterpreter120.dcp"/>
			<DCCReference Include="FunLabyRepo.pas"/>
			<DCCReference Include="TortoiseGIT.pas"/>
			<DCCReference Include="FunLabyRepoConsts.pas"/>
			<DCCReference Include="FunLabyRepoConfig.pas">
				<Form>FormRepoConfig</Form>
			</DCCReference>
			<BuildConfiguration Include="Base">
				<Key>Base</Key>
			</BuildConfiguration>
			<BuildConfiguration Include="Débogage">
				<Key>Cfg_2</Key>
				<CfgParent>Base</CfgParent>
			</BuildConfiguration>
			<BuildConfiguration Include="Release">
				<Key>Cfg_1</Key>
				<CfgParent>Base</CfgParent>
			</BuildConfiguration>
		</ItemGroup>
		<Import Project="$(BDS)\Bin\CodeGear.Delphi.Targets" Condition="Exists('$(BDS)\Bin\CodeGear.Delphi.Targets')"/>
		<ProjectExtensions>
			<Borland.Personality>Delphi.Personality.12</Borland.Personality>
			<Borland.ProjectType>Package</Borland.ProjectType>
			<BorlandProject>
				<Delphi.Personality>
					<Source>
						<Source Name="MainSource">FunLabyRepository.dpk</Source>
					</Source>
					<Parameters>
						<Parameters Name="UseLauncher">False</Parameters>
						<Parameters Name="LoadAllSymbols">True</Parameters>
						<Parameters Name="LoadUnspecifiedSymbols">False</Parameters>
						<Parameters Name="HostApplication">C:\Projets\FunLabyrinthe\FunLabyEdit.exe</Parameters>
					</Parameters>
					<VersionInfo>
						<VersionInfo Name="IncludeVerInfo">True</VersionInfo>
						<VersionInfo Name="AutoIncBuild">False</VersionInfo>
						<VersionInfo Name="MajorVer">5</VersionInfo>
						<VersionInfo Name="MinorVer">2</VersionInfo>
						<VersionInfo Name="Release">0</VersionInfo>
						<VersionInfo Name="Build">0</VersionInfo>
						<VersionInfo Name="Debug">False</VersionInfo>
						<VersionInfo Name="PreRelease">False</VersionInfo>
						<VersionInfo Name="Special">False</VersionInfo>
						<VersionInfo Name="Private">False</VersionInfo>
						<VersionInfo Name="DLL">False</VersionInfo>
						<VersionInfo Name="Locale">2060</VersionInfo>
						<VersionInfo Name="CodePage">1252</VersionInfo>
					</VersionInfo>
					<VersionInfoKeys>
						<VersionInfoKeys Name="CompanyName">SJRDoeraene</VersionInfoKeys>
						<VersionInfoKeys Name="FileDescription">Management of the FunLabyrinthe repository</VersionInfoKeys>
						<VersionInfoKeys Name="FileVersion">5.2.0.0</VersionInfoKeys>
						<VersionInfoKeys Name="InternalName">FunLabyRepo</VersionInfoKeys>
						<VersionInfoKeys Name="LegalCopyright">Copyright (c) 2000-2010 SJRDoeraene</VersionInfoKeys>
						<VersionInfoKeys Name="LegalTrademarks"/>
						<VersionInfoKeys Name="OriginalFilename">FunLabyRepo.bpl</VersionInfoKeys>
						<VersionInfoKeys Name="ProductName">FunLabyrinthe</VersionInfoKeys>
						<VersionInfoKeys Name="ProductVersion">5.2</VersionInfoKeys>
						<VersionInfoKeys Name="Comments"/>
					</VersionInfoKeys>
					<Excluded_Packages>
						<Excluded_Packages Name="C:\Users\Public\Documents\RAD Studio\6.0\Bpl\GR32_BDS2006.bpl">Graphics32</Excluded_Packages>
						<Excluded_Packages Name="$(BDS)\bin\dcloffice2k120.bpl">Composants Microsoft Office 2000 Sample Automation Server Wrapper</Excluded_Packages>
						<Excluded_Packages Name="$(BDS)\bin\dclofficexp120.bpl">Composants Microsoft Office XP Sample Automation Server Wrapper</Excluded_Packages>
					</Excluded_Packages>
				</Delphi.Personality>
			</BorlandProject>
			<ProjectFileVersion>12</ProjectFileVersion>
		</ProjectExtensions>
	</Project>
